
Microsoft Visual Studio Solution File, Format Version 12.00
# Visual Studio 15
VisualStudioVersion = 15.0.26730.12
MinimumVisualStudioVersion = 10.0.40219.1
Project("{FAE04EC0-301F-11D3-BF4B-00C04F79EFBC}") = "steg_v2", "steg_v2\steg_v2.csproj", "{D1948F73-94CB-4A62-A032-DA902952E013}"
EndProject
Global
	GlobalSection(SolutionConfigurationPlatforms) = preSolution
		Debug|Any CPU = Debug|Any CPU
		Release|Any CPU = Release|Any CPU
	EndGlobalSection
	GlobalSection(ProjectConfigurationPlatforms) = postSolution
		{D1948F73-94CB-4A62-A032-DA902952E013}.Debug|Any CPU.ActiveCfg = Debug|Any CPU
		{D1948F73-94CB-4A62-A032-DA902952E013}.Debug|Any CPU.Build.0 = Debug|Any CPU
		{D1948F73-94CB-4A62-A032-DA902952E013}.Release|Any CPU.ActiveCfg = Release|Any CPU
		{D1948F73-94CB-4A62-A032-DA902952E013}.Release|Any CPU.Build.0 = Release|Any CPU
	EndGlobalSection
	GlobalSection(SolutionProperties) = preSolution
		HideSolutionNode = FALSE
	EndGlobalSection
	GlobalSection(ExtensibilityGlobals) = postSolution
		SolutionGuid = {386194C7-25BF-44A6-B88A-3A720710D1A2}
	EndGlobalSection
EndGlobal
